
Microsoft Visual Studio Solution File, Format Version 12.00
# Visual Studio Version 16
VisualStudioVersion = 16.0.30523.141
MinimumVisualStudioVersion = 10.0.40219.1
Project("{9A19103F-16F7-4668-BE54-9A1E7A4F7556}") = "Producer", "Producer\Producer.csproj", "{7B1793A7-29C5-4E77-9345-6E9E1FEC0DA0}"
EndProject
Project("{9A19103F-16F7-4668-BE54-9A1E7A4F7556}") = "Consumer", "Consumer\Consumer.csproj", "{D284020B-4A60-4DEF-B40D-2C067B4172E4}"
EndProject
Global
	GlobalSection(SolutionConfigurationPlatforms) = preSolution
		Debug|Any CPU = Debug|Any CPU
		Release|Any CPU = Release|Any CPU
	EndGlobalSection
	GlobalSection(ProjectConfigurationPlatforms) = postSolution
		{7B1793A7-29C5-4E77-9345-6E9E1FEC0DA0}.Debug|Any CPU.ActiveCfg = Debug|Any CPU
		{7B1793A7-29C5-4E77-9345-6E9E1FEC0DA0}.Debug|Any CPU.Build.0 = Debug|Any CPU
		{7B1793A7-29C5-4E77-9345-6E9E1FEC0DA0}.Release|Any CPU.ActiveCfg = Release|Any CPU
		{7B1793A7-29C5-4E77-9345-6E9E1FEC0DA0}.Release|Any CPU.Build.0 = Release|Any CPU
		{D284020B-4A60-4DEF-B40D-2C067B4172E4}.Debug|Any CPU.ActiveCfg = Debug|Any CPU
		{D284020B-4A60-4DEF-B40D-2C067B4172E4}.Debug|Any CPU.Build.0 = Debug|Any CPU
		{D284020B-4A60-4DEF-B40D-2C067B4172E4}.Release|Any CPU.ActiveCfg = Release|Any CPU
		{D284020B-4A60-4DEF-B40D-2C067B4172E4}.Release|Any CPU.Build.0 = Release|Any CPU
	EndGlobalSection
	GlobalSection(SolutionProperties) = preSolution
		HideSolutionNode = FALSE
	EndGlobalSection
	GlobalSection(ExtensibilityGlobals) = postSolution
		SolutionGuid = {1F97811B-3607-4107-8C77-AF974AEFC89B}
	EndGlobalSection
EndGlobal
